
Microsoft Visual Studio Solution File, Format Version 12.00
# Visual Studio Version 17
VisualStudioVersion = 17.11.35312.102
MinimumVisualStudioVersion = 10.0.40219.1
Project("{FAE04EC0-301F-11D3-BF4B-00C04F79EFBC}") = "01_MainSubjects(Temel_Konular)", "01_MainSubjects(Temel_Konular)\01_MainSubjects(Temel_Konular).csproj", "{A1EEFC25-FC3E-45D3-B989-D4BC246BB734}"
EndProject
Project("{FAE04EC0-301F-11D3-BF4B-00C04F79EFBC}") = "02_Varibles", "02_Varibles\02_Varibles.csproj", "{F20A8148-0B69-4852-B6C7-1D16738A7897}"
EndProject
Project("{FAE04EC0-301F-11D3-BF4B-00C04F79EFBC}") = "03_MakingDecision(Karar_Yapıları)", "03_MakingDecision(Karar_Yapıları)\03_MakingDecision(Karar_Yapıları).csproj", "{3A2DB438-808A-49F5-B17A-14B7D489854F}"
EndProject
Project("{FAE04EC0-301F-11D3-BF4B-00C04F79EFBC}") = "04_Loops", "04_Loops\04_Loops.csproj", "{055CABC1-40F8-4949-8F71-05BFA67B7DB7}"
EndProject
Project("{FAE04EC0-301F-11D3-BF4B-00C04F79EFBC}") = "05_LoopsWithStars", "05_LoopsWithStars\05_LoopsWithStars.csproj", "{55306278-9539-4811-A4A1-52C7C6243443}"
EndProject
Project("{FAE04EC0-301F-11D3-BF4B-00C04F79EFBC}") = "06_Arrays", "06_Arrays\06_Arrays.csproj", "{D53A65E9-272E-4A3F-B299-373D5CAEA5AB}"
EndProject
Project("{FAE04EC0-301F-11D3-BF4B-00C04F79EFBC}") = "07_ForeachLoop", "07_ForeachLoop\07_ForeachLoop.csproj", "{D8430863-D13D-4E94-A363-37462B1B25D0}"
EndProject
Global
	GlobalSection(SolutionConfigurationPlatforms) = preSolution
		Debug|Any CPU = Debug|Any CPU
		Release|Any CPU = Release|Any CPU
	EndGlobalSection
	GlobalSection(ProjectConfigurationPlatforms) = postSolution
		{A1EEFC25-FC3E-45D3-B989-D4BC246BB734}.Debug|Any CPU.ActiveCfg = Debug|Any CPU
		{A1EEFC25-FC3E-45D3-B989-D4BC246BB734}.Debug|Any CPU.Build.0 = Debug|Any CPU
		{A1EEFC25-FC3E-45D3-B989-D4BC246BB734}.Release|Any CPU.ActiveCfg = Release|Any CPU
		{A1EEFC25-FC3E-45D3-B989-D4BC246BB734}.Release|Any CPU.Build.0 = Release|Any CPU
		{F20A8148-0B69-4852-B6C7-1D16738A7897}.Debug|Any CPU.ActiveCfg = Debug|Any CPU
		{F20A8148-0B69-4852-B6C7-1D16738A7897}.Debug|Any CPU.Build.0 = Debug|Any CPU
		{F20A8148-0B69-4852-B6C7-1D16738A7897}.Release|Any CPU.ActiveCfg = Release|Any CPU
		{F20A8148-0B69-4852-B6C7-1D16738A7897}.Release|Any CPU.Build.0 = Release|Any CPU
		{3A2DB438-808A-49F5-B17A-14B7D489854F}.Debug|Any CPU.ActiveCfg = Debug|Any CPU
		{3A2DB438-808A-49F5-B17A-14B7D489854F}.Debug|Any CPU.Build.0 = Debug|Any CPU
		{3A2DB438-808A-49F5-B17A-14B7D489854F}.Release|Any CPU.ActiveCfg = Release|Any CPU
		{3A2DB438-808A-49F5-B17A-14B7D489854F}.Release|Any CPU.Build.0 = Release|Any CPU
		{055CABC1-40F8-4949-8F71-05BFA67B7DB7}.Debug|Any CPU.ActiveCfg = Debug|Any CPU
		{055CABC1-40F8-4949-8F71-05BFA67B7DB7}.Debug|Any CPU.Build.0 = Debug|Any CPU
		{055CABC1-40F8-4949-8F71-05BFA67B7DB7}.Release|Any CPU.ActiveCfg = Release|Any CPU
		{055CABC1-40F8-4949-8F71-05BFA67B7DB7}.Release|Any CPU.Build.0 = Release|Any CPU
		{55306278-9539-4811-A4A1-52C7C6243443}.Debug|Any CPU.ActiveCfg = Debug|Any CPU
		{55306278-9539-4811-A4A1-52C7C6243443}.Debug|Any CPU.Build.0 = Debug|Any CPU
		{55306278-9539-4811-A4A1-52C7C6243443}.Release|Any CPU.ActiveCfg = Release|Any CPU
		{55306278-9539-4811-A4A1-52C7C6243443}.Release|Any CPU.Build.0 = Release|Any CPU
		{D53A65E9-272E-4A3F-B299-373D5CAEA5AB}.Debug|Any CPU.ActiveCfg = Debug|Any CPU
		{D53A65E9-272E-4A3F-B299-373D5CAEA5AB}.Debug|Any CPU.Build.0 = Debug|Any CPU
		{D53A65E9-272E-4A3F-B299-373D5CAEA5AB}.Release|Any CPU.ActiveCfg = Release|Any CPU
		{D53A65E9-272E-4A3F-B299-373D5CAEA5AB}.Release|Any CPU.Build.0 = Release|Any CPU
		{D8430863-D13D-4E94-A363-37462B1B25D0}.Debug|Any CPU.ActiveCfg = Debug|Any CPU
		{D8430863-D13D-4E94-A363-37462B1B25D0}.Debug|Any CPU.Build.0 = Debug|Any CPU
		{D8430863-D13D-4E94-A363-37462B1B25D0}.Release|Any CPU.ActiveCfg = Release|Any CPU
		{D8430863-D13D-4E94-A363-37462B1B25D0}.Release|Any CPU.Build.0 = Release|Any CPU
	EndGlobalSection
	GlobalSection(SolutionProperties) = preSolution
		HideSolutionNode = FALSE
	EndGlobalSection
	GlobalSection(ExtensibilityGlobals) = postSolution
		SolutionGuid = {8AB7CCFC-D746-49E0-AC6B-0BBE62799AF8}
	EndGlobalSection
EndGlobal
